
Microsoft Visual Studio Solution File, Format Version 12.00
# Visual Studio Version 16
VisualStudioVersion = 16.0.30523.141
MinimumVisualStudioVersion = 10.0.40219.1
Project("{FAE04EC0-301F-11D3-BF4B-00C04F79EFBC}") = "CRM-Gateway", "CRM-Gateway.csproj", "{94086CDD-DF74-407A-AA92-48B0622F5A7C}"
EndProject
Global
	GlobalSection(SolutionConfigurationPlatforms) = preSolution
		Debug|Any CPU = Debug|Any CPU
		Release|Any CPU = Release|Any CPU
	EndGlobalSection
	GlobalSection(ProjectConfigurationPlatforms) = postSolution
		{94086CDD-DF74-407A-AA92-48B0622F5A7C}.Debug|Any CPU.ActiveCfg = Debug|Any CPU
		{94086CDD-DF74-407A-AA92-48B0622F5A7C}.Debug|Any CPU.Build.0 = Debug|Any CPU
		{94086CDD-DF74-407A-AA92-48B0622F5A7C}.Release|Any CPU.ActiveCfg = Release|Any CPU
		{94086CDD-DF74-407A-AA92-48B0622F5A7C}.Release|Any CPU.Build.0 = Release|Any CPU
	EndGlobalSection
	GlobalSection(SolutionProperties) = preSolution
		HideSolutionNode = FALSE
	EndGlobalSection
	GlobalSection(ExtensibilityGlobals) = postSolution
		SolutionGuid = {C2F78B74-9E41-4958-B118-F05EE90CDCA7}
	EndGlobalSection
EndGlobal
